
Microsoft Visual Studio Solution File, Format Version 11.00
# Visual Studio 2010
Project("{FAE04EC0-301F-11D3-BF4B-00C04F79EFBC}") = "Assembly-CSharp", "Assembly-CSharp.csproj", "{78AFFF4F-28DD-7504-1714-10ED43A58353}"
EndProject
Project("{FAE04EC0-301F-11D3-BF4B-00C04F79EFBC}") = "Assembly-CSharp-Editor", "Assembly-CSharp-Editor.csproj", "{B41C09F2-84CE-5B1D-0337-5F213FB0193A}"
EndProject
Global
	GlobalSection(SolutionConfigurationPlatforms) = preSolution
		Debug|Any CPU = Debug|Any CPU
		Release|Any CPU = Release|Any CPU
	EndGlobalSection
	GlobalSection(ProjectConfigurationPlatforms) = postSolution
		{78AFFF4F-28DD-7504-1714-10ED43A58353}.Debug|Any CPU.ActiveCfg = Debug|Any CPU
		{78AFFF4F-28DD-7504-1714-10ED43A58353}.Debug|Any CPU.Build.0 = Debug|Any CPU
		{78AFFF4F-28DD-7504-1714-10ED43A58353}.Release|Any CPU.ActiveCfg = Release|Any CPU
		{78AFFF4F-28DD-7504-1714-10ED43A58353}.Release|Any CPU.Build.0 = Release|Any CPU
		{B41C09F2-84CE-5B1D-0337-5F213FB0193A}.Debug|Any CPU.ActiveCfg = Debug|Any CPU
		{B41C09F2-84CE-5B1D-0337-5F213FB0193A}.Debug|Any CPU.Build.0 = Debug|Any CPU
		{B41C09F2-84CE-5B1D-0337-5F213FB0193A}.Release|Any CPU.ActiveCfg = Release|Any CPU
		{B41C09F2-84CE-5B1D-0337-5F213FB0193A}.Release|Any CPU.Build.0 = Release|Any CPU
	EndGlobalSection
	GlobalSection(SolutionProperties) = preSolution
		HideSolutionNode = FALSE
	EndGlobalSection
	GlobalSection(MonoDevelopProperties) = preSolution
		StartupItem = Assembly-CSharp.csproj
	EndGlobalSection
EndGlobal
